
Microsoft Visual Studio Solution File, Format Version 12.00
# Visual Studio 14
VisualStudioVersion = 14.0.25123.0
MinimumVisualStudioVersion = 10.0.40219.1
Project("{FAE04EC0-301F-11D3-BF4B-00C04F79EFBC}") = "RSAEncryptionTest", "RSAEncryption\RSAEncryptionTest.csproj", "{8542D518-A17C-4379-853B-63D8193657D2}"
EndProject
Project("{FAE04EC0-301F-11D3-BF4B-00C04F79EFBC}") = "RSAKeyGenerator", "RSAKeyGenerator\RSAKeyGenerator.csproj", "{183A7CBD-1AD3-44B1-B807-F8BE3BB109E8}"
EndProject
Project("{FAE04EC0-301F-11D3-BF4B-00C04F79EFBC}") = "RSAEncryptor", "RSAEncryptor\RSAEncryptor.csproj", "{782136B3-EEA5-4984-B5FD-78838B6F05F8}"
EndProject
Global
	GlobalSection(SubversionScc) = preSolution
		Svn-Managed = True
		Manager = AnkhSVN - Subversion Support for Visual Studio
	EndGlobalSection
	GlobalSection(SolutionConfigurationPlatforms) = preSolution
		Debug|Any CPU = Debug|Any CPU
		Release|Any CPU = Release|Any CPU
	EndGlobalSection
	GlobalSection(ProjectConfigurationPlatforms) = postSolution
		{8542D518-A17C-4379-853B-63D8193657D2}.Debug|Any CPU.ActiveCfg = Debug|Any CPU
		{8542D518-A17C-4379-853B-63D8193657D2}.Debug|Any CPU.Build.0 = Debug|Any CPU
		{8542D518-A17C-4379-853B-63D8193657D2}.Release|Any CPU.ActiveCfg = Release|Any CPU
		{8542D518-A17C-4379-853B-63D8193657D2}.Release|Any CPU.Build.0 = Release|Any CPU
		{183A7CBD-1AD3-44B1-B807-F8BE3BB109E8}.Debug|Any CPU.ActiveCfg = Debug|Any CPU
		{183A7CBD-1AD3-44B1-B807-F8BE3BB109E8}.Debug|Any CPU.Build.0 = Debug|Any CPU
		{183A7CBD-1AD3-44B1-B807-F8BE3BB109E8}.Release|Any CPU.ActiveCfg = Release|Any CPU
		{183A7CBD-1AD3-44B1-B807-F8BE3BB109E8}.Release|Any CPU.Build.0 = Release|Any CPU
		{782136B3-EEA5-4984-B5FD-78838B6F05F8}.Debug|Any CPU.ActiveCfg = Debug|Any CPU
		{782136B3-EEA5-4984-B5FD-78838B6F05F8}.Debug|Any CPU.Build.0 = Debug|Any CPU
		{782136B3-EEA5-4984-B5FD-78838B6F05F8}.Release|Any CPU.ActiveCfg = Release|Any CPU
		{782136B3-EEA5-4984-B5FD-78838B6F05F8}.Release|Any CPU.Build.0 = Release|Any CPU
	EndGlobalSection
	GlobalSection(SolutionProperties) = preSolution
		HideSolutionNode = FALSE
	EndGlobalSection
EndGlobal
